
Microsoft Visual Studio Solution File, Format Version 9.00
# Visual Studio 2005
Project("{FAE04EC0-301F-11D3-BF4B-00C04F79EFBC}") = "Tests", "Tests\Tests.csproj", "{5CD99DC2-D393-42C4-A693-435147638C26}"
EndProject
Project("{FAE04EC0-301F-11D3-BF4B-00C04F79EFBC}") = "Escape", "Escape\Escape.csproj", "{5C4D9FAF-9543-49D3-8A9A-0681BB4DD6C9}"
EndProject
Global
	GlobalSection(SolutionConfigurationPlatforms) = preSolution
		Debug|Any CPU = Debug|Any CPU
		Release|Any CPU = Release|Any CPU
	EndGlobalSection
	GlobalSection(ProjectConfigurationPlatforms) = postSolution
		{5CD99DC2-D393-42C4-A693-435147638C26}.Debug|Any CPU.ActiveCfg = Debug|Any CPU
		{5CD99DC2-D393-42C4-A693-435147638C26}.Debug|Any CPU.Build.0 = Debug|Any CPU
		{5CD99DC2-D393-42C4-A693-435147638C26}.Release|Any CPU.ActiveCfg = Release|Any CPU
		{5CD99DC2-D393-42C4-A693-435147638C26}.Release|Any CPU.Build.0 = Release|Any CPU
		{5C4D9FAF-9543-49D3-8A9A-0681BB4DD6C9}.Debug|Any CPU.ActiveCfg = Debug|Any CPU
		{5C4D9FAF-9543-49D3-8A9A-0681BB4DD6C9}.Debug|Any CPU.Build.0 = Debug|Any CPU
		{5C4D9FAF-9543-49D3-8A9A-0681BB4DD6C9}.Release|Any CPU.ActiveCfg = Release|Any CPU
		{5C4D9FAF-9543-49D3-8A9A-0681BB4DD6C9}.Release|Any CPU.Build.0 = Release|Any CPU
	EndGlobalSection
	GlobalSection(SolutionProperties) = preSolution
		HideSolutionNode = FALSE
	EndGlobalSection
EndGlobal
